
Microsoft Visual Studio Solution File, Format Version 12.00
# Visual Studio Version 17
VisualStudioVersion = 17.1.32210.238
MinimumVisualStudioVersion = 10.0.40219.1
Project("{9A19103F-16F7-4668-BE54-9A1E7A4F7556}") = "GrpcClient", "Client\GrpcClient.csproj", "{7CA934D8-0EE7-4BB0-8881-08A7D857BF43}"
EndProject
Project("{9A19103F-16F7-4668-BE54-9A1E7A4F7556}") = "WS2812BServer", "Server\WS2812BServer.csproj", "{4B3ADCD2-1C4D-4279-BEDA-2DB2E5B2B9B4}"
EndProject
Global
	GlobalSection(SolutionConfigurationPlatforms) = preSolution
		Debug|Any CPU = Debug|Any CPU
		Release|Any CPU = Release|Any CPU
	EndGlobalSection
	GlobalSection(ProjectConfigurationPlatforms) = postSolution
		{7CA934D8-0EE7-4BB0-8881-08A7D857BF43}.Debug|Any CPU.ActiveCfg = Debug|Any CPU
		{7CA934D8-0EE7-4BB0-8881-08A7D857BF43}.Debug|Any CPU.Build.0 = Debug|Any CPU
		{7CA934D8-0EE7-4BB0-8881-08A7D857BF43}.Release|Any CPU.ActiveCfg = Release|Any CPU
		{7CA934D8-0EE7-4BB0-8881-08A7D857BF43}.Release|Any CPU.Build.0 = Release|Any CPU
		{4B3ADCD2-1C4D-4279-BEDA-2DB2E5B2B9B4}.Debug|Any CPU.ActiveCfg = Debug|Any CPU
		{4B3ADCD2-1C4D-4279-BEDA-2DB2E5B2B9B4}.Debug|Any CPU.Build.0 = Debug|Any CPU
		{4B3ADCD2-1C4D-4279-BEDA-2DB2E5B2B9B4}.Release|Any CPU.ActiveCfg = Release|Any CPU
		{4B3ADCD2-1C4D-4279-BEDA-2DB2E5B2B9B4}.Release|Any CPU.Build.0 = Release|Any CPU
	EndGlobalSection
	GlobalSection(SolutionProperties) = preSolution
		HideSolutionNode = FALSE
	EndGlobalSection
	GlobalSection(ExtensibilityGlobals) = postSolution
		SolutionGuid = {0ACD3E9C-D23E-416C-809B-9AD9158F9213}
	EndGlobalSection
EndGlobal
